
Microsoft Visual Studio Solution File, Format Version 11.00
# Visual Studio 2010
Project("{FAE04EC0-301F-11D3-BF4B-00C04F79EFBC}") = "NullSafeChain", "NullSafeChain\NullSafeChain.csproj", "{7373DA2C-1687-4CB4-BE8D-59E9B16D7400}"
EndProject
Project("{FAE04EC0-301F-11D3-BF4B-00C04F79EFBC}") = "NullSafeChainTests", "NullSafeChainTests\NullSafeChainTests.csproj", "{B08D7DEF-707F-497B-8C81-D85D88D2A687}"
EndProject
Global
	GlobalSection(SolutionConfigurationPlatforms) = preSolution
		Debug|Any CPU = Debug|Any CPU
		Release|Any CPU = Release|Any CPU
	EndGlobalSection
	GlobalSection(ProjectConfigurationPlatforms) = postSolution
		{7373DA2C-1687-4CB4-BE8D-59E9B16D7400}.Debug|Any CPU.ActiveCfg = Debug|Any CPU
		{7373DA2C-1687-4CB4-BE8D-59E9B16D7400}.Debug|Any CPU.Build.0 = Debug|Any CPU
		{7373DA2C-1687-4CB4-BE8D-59E9B16D7400}.Release|Any CPU.ActiveCfg = Release|Any CPU
		{7373DA2C-1687-4CB4-BE8D-59E9B16D7400}.Release|Any CPU.Build.0 = Release|Any CPU
		{B08D7DEF-707F-497B-8C81-D85D88D2A687}.Debug|Any CPU.ActiveCfg = Debug|Any CPU
		{B08D7DEF-707F-497B-8C81-D85D88D2A687}.Debug|Any CPU.Build.0 = Debug|Any CPU
		{B08D7DEF-707F-497B-8C81-D85D88D2A687}.Release|Any CPU.ActiveCfg = Release|Any CPU
		{B08D7DEF-707F-497B-8C81-D85D88D2A687}.Release|Any CPU.Build.0 = Release|Any CPU
	EndGlobalSection
	GlobalSection(SolutionProperties) = preSolution
		HideSolutionNode = FALSE
	EndGlobalSection
EndGlobal
